
Microsoft Visual Studio Solution File, Format Version 12.00
# Visual Studio Version 17
VisualStudioVersion = 17.5.33502.453
MinimumVisualStudioVersion = 10.0.40219.1
Project("{9A19103F-16F7-4668-BE54-9A1E7A4F7556}") = "RealEstater-backend", "RealEstater-backend.csproj", "{C631D072-758F-466A-A688-99C3D692DAF4}"
EndProject
Project("{E24C65DC-7377-472B-9ABA-BC803B73C61A}") = "src", "..\RealEstater-frontend\src\", "{93396F32-C1D5-437B-957F-9FCA7DCAA8B1}"
	ProjectSection(WebsiteProperties) = preProject
		TargetFrameworkMoniker = ".NETFramework,Version%3Dv4.8"
		Debug.AspNetCompiler.VirtualPath = "/localhost_63008"
		Debug.AspNetCompiler.PhysicalPath = "..\RealEstater-frontend\src\"
		Debug.AspNetCompiler.TargetPath = "PrecompiledWeb\localhost_63008\"
		Debug.AspNetCompiler.Updateable = "true"
		Debug.AspNetCompiler.ForceOverwrite = "true"
		Debug.AspNetCompiler.FixedNames = "false"
		Debug.AspNetCompiler.Debug = "True"
		Release.AspNetCompiler.VirtualPath = "/localhost_63008"
		Release.AspNetCompiler.PhysicalPath = "..\RealEstater-frontend\src\"
		Release.AspNetCompiler.TargetPath = "PrecompiledWeb\localhost_63008\"
		Release.AspNetCompiler.Updateable = "true"
		Release.AspNetCompiler.ForceOverwrite = "true"
		Release.AspNetCompiler.FixedNames = "false"
		Release.AspNetCompiler.Debug = "False"
		VWDPort = "63008"
	EndProjectSection
EndProject
Global
	GlobalSection(SolutionConfigurationPlatforms) = preSolution
		Debug|Any CPU = Debug|Any CPU
		Release|Any CPU = Release|Any CPU
	EndGlobalSection
	GlobalSection(ProjectConfigurationPlatforms) = postSolution
		{C631D072-758F-466A-A688-99C3D692DAF4}.Debug|Any CPU.ActiveCfg = Debug|Any CPU
		{C631D072-758F-466A-A688-99C3D692DAF4}.Debug|Any CPU.Build.0 = Debug|Any CPU
		{C631D072-758F-466A-A688-99C3D692DAF4}.Release|Any CPU.ActiveCfg = Release|Any CPU
		{C631D072-758F-466A-A688-99C3D692DAF4}.Release|Any CPU.Build.0 = Release|Any CPU
		{93396F32-C1D5-437B-957F-9FCA7DCAA8B1}.Debug|Any CPU.ActiveCfg = Debug|Any CPU
		{93396F32-C1D5-437B-957F-9FCA7DCAA8B1}.Debug|Any CPU.Build.0 = Debug|Any CPU
		{93396F32-C1D5-437B-957F-9FCA7DCAA8B1}.Release|Any CPU.ActiveCfg = Debug|Any CPU
		{93396F32-C1D5-437B-957F-9FCA7DCAA8B1}.Release|Any CPU.Build.0 = Debug|Any CPU
	EndGlobalSection
	GlobalSection(SolutionProperties) = preSolution
		HideSolutionNode = FALSE
	EndGlobalSection
	GlobalSection(ExtensibilityGlobals) = postSolution
		SolutionGuid = {C7A5317F-2746-4F20-83CC-4DFB99F4F8C1}
	EndGlobalSection
EndGlobal
